
Microsoft Visual Studio Solution File, Format Version 12.00
# Visual Studio Version 16
VisualStudioVersion = 16.0.31424.327
MinimumVisualStudioVersion = 10.0.40219.1
Project("{FAE04EC0-301F-11D3-BF4B-00C04F79EFBC}") = "WebAPI", "WebAPI\WebAPI.csproj", "{CD0AAA84-F02F-4CF6-A23D-176F89FF17EC}"
EndProject
Global
	GlobalSection(SolutionConfigurationPlatforms) = preSolution
		Debug|Any CPU = Debug|Any CPU
		Release|Any CPU = Release|Any CPU
	EndGlobalSection
	GlobalSection(ProjectConfigurationPlatforms) = postSolution
		{CD0AAA84-F02F-4CF6-A23D-176F89FF17EC}.Debug|Any CPU.ActiveCfg = Debug|Any CPU
		{CD0AAA84-F02F-4CF6-A23D-176F89FF17EC}.Debug|Any CPU.Build.0 = Debug|Any CPU
		{CD0AAA84-F02F-4CF6-A23D-176F89FF17EC}.Release|Any CPU.ActiveCfg = Release|Any CPU
		{CD0AAA84-F02F-4CF6-A23D-176F89FF17EC}.Release|Any CPU.Build.0 = Release|Any CPU
	EndGlobalSection
	GlobalSection(SolutionProperties) = preSolution
		HideSolutionNode = FALSE
	EndGlobalSection
	GlobalSection(ExtensibilityGlobals) = postSolution
		SolutionGuid = {9289AD0D-9B86-440A-A5E8-AAF663DD2E16}
	EndGlobalSection
EndGlobal
